// !$*UTF8*$!
{
	archiveVersion = 1;
	classes = {
	};
	objectVersion = 50;
	objects = {

/* Begin PBXBuildFile section */
		91DAA227265AE162007228EC /* AXEngine.swift in Sources */ = {isa = PBXBuildFile; fileRef = 91DAA226265AE162007228EC /* AXEngine.swift */; };
		91DAA22F265AE1B2007228EC /* from_TF_AXTextTests.swift in Sources */ = {isa = PBXBuildFile; fileRef = 91DAA22E265AE1B2007228EC /* from_TF_AXTextTests.swift */; };
		91DAA234265AE1D0007228EC /* ATEA_BaseTests.swift in Sources */ = {isa = PBXBuildFile; fileRef = 91DAA233265AE1D0007228EC /* ATEA_BaseTests.swift */; };
		91DAA238265AE1FA007228EC /* AXEngine.swift in Sources */ = {isa = PBXBuildFile; fileRef = 91DAA226265AE162007228EC /* AXEngine.swift */; };
		91DAA23E265AE31A007228EC /* AccessibilityTextElement.swift in Sources */ = {isa = PBXBuildFile; fileRef = 91DAA23D265AE31A007228EC /* AccessibilityTextElement.swift */; };
		91DAA243265AE320007228EC /* AccessibilityTextElementAdaptor.swift in Sources */ = {isa = PBXBuildFile; fileRef = 91DAA242265AE320007228EC /* AccessibilityTextElementAdaptor.swift */; };
		91DAA247265AE380007228EC /* AccessibilityTextElement.swift in Sources */ = {isa = PBXBuildFile; fileRef = 91DAA23D265AE31A007228EC /* AccessibilityTextElement.swift */; };
		91DAA24B265AE382007228EC /* AccessibilityTextElementAdaptor.swift in Sources */ = {isa = PBXBuildFile; fileRef = 91DAA242265AE320007228EC /* AccessibilityTextElementAdaptor.swift */; };
		91DAA250265AE443007228EC /* from_TV_AXCaretLocationTests.swift.swift in Sources */ = {isa = PBXBuildFile; fileRef = 91DAA24F265AE443007228EC /* from_TV_AXCaretLocationTests.swift.swift */; };
		91DAA258265AE5F9007228EC /* NonTextElementsTests.swift in Sources */ = {isa = PBXBuildFile; fileRef = 91DAA257265AE5F9007228EC /* NonTextElementsTests.swift */; };
		91E0B12E265AD8EA008E9FBB /* AppComponent.swift in Sources */ = {isa = PBXBuildFile; fileRef = 91E0B12D265AD8EA008E9FBB /* AppComponent.swift */; };
		91F1900C265A662D00FE2C4D /* AppDelegate.swift in Sources */ = {isa = PBXBuildFile; fileRef = 91F1900B265A662D00FE2C4D /* AppDelegate.swift */; };
		91F1900E265A662D00FE2C4D /* ContentView.swift in Sources */ = {isa = PBXBuildFile; fileRef = 91F1900D265A662D00FE2C4D /* ContentView.swift */; };
		91F19010265A662E00FE2C4D /* Assets.xcassets in Resources */ = {isa = PBXBuildFile; fileRef = 91F1900F265A662E00FE2C4D /* Assets.xcassets */; };
		91F19013265A662E00FE2C4D /* Preview Assets.xcassets in Resources */ = {isa = PBXBuildFile; fileRef = 91F19012265A662E00FE2C4D /* Preview Assets.xcassets */; };
		91F19016265A662E00FE2C4D /* Main.storyboard in Resources */ = {isa = PBXBuildFile; fileRef = 91F19014265A662E00FE2C4D /* Main.storyboard */; };
		91F19022265A662E00FE2C4D /* gha_uitests_synthetizeTests.swift in Sources */ = {isa = PBXBuildFile; fileRef = 91F19021265A662E00FE2C4D /* gha_uitests_synthetizeTests.swift */; };
/* End PBXBuildFile section */

/* Begin PBXContainerItemProxy section */
		91F1901E265A662E00FE2C4D /* PBXContainerItemProxy */ = {
			isa = PBXContainerItemProxy;
			containerPortal = 91F19000265A662D00FE2C4D /* Project object */;
			proxyType = 1;
			remoteGlobalIDString = 91F19007265A662D00FE2C4D;
			remoteInfo = "gha-uitests-synthetize";
		};
		91F19029265A662E00FE2C4D /* PBXContainerItemProxy */ = {
			isa = PBXContainerItemProxy;
			containerPortal = 91F19000265A662D00FE2C4D /* Project object */;
			proxyType = 1;
			remoteGlobalIDString = 91F19007265A662D00FE2C4D;
			remoteInfo = "gha-uitests-synthetize";
		};
/* End PBXContainerItemProxy section */

/* Begin PBXFileReference section */
		91DAA226265AE162007228EC /* AXEngine.swift */ = {isa = PBXFileReference; lastKnownFileType = sourcecode.swift; path = AXEngine.swift; sourceTree = "<group>"; };
		91DAA22E265AE1B2007228EC /* from_TF_AXTextTests.swift */ = {isa = PBXFileReference; lastKnownFileType = sourcecode.swift; path = from_TF_AXTextTests.swift; sourceTree = "<group>"; };
		91DAA233265AE1D0007228EC /* ATEA_BaseTests.swift */ = {isa = PBXFileReference; lastKnownFileType = sourcecode.swift; path = ATEA_BaseTests.swift; sourceTree = "<group>"; };
		91DAA23D265AE31A007228EC /* AccessibilityTextElement.swift */ = {isa = PBXFileReference; lastKnownFileType = sourcecode.swift; path = AccessibilityTextElement.swift; sourceTree = "<group>"; };
		91DAA242265AE320007228EC /* AccessibilityTextElementAdaptor.swift */ = {isa = PBXFileReference; lastKnownFileType = sourcecode.swift; path = AccessibilityTextElementAdaptor.swift; sourceTree = "<group>"; };
		91DAA24F265AE443007228EC /* from_TV_AXCaretLocationTests.swift.swift */ = {isa = PBXFileReference; lastKnownFileType = sourcecode.swift; path = from_TV_AXCaretLocationTests.swift.swift; sourceTree = "<group>"; };
		91DAA257265AE5F9007228EC /* NonTextElementsTests.swift */ = {isa = PBXFileReference; lastKnownFileType = sourcecode.swift; path = NonTextElementsTests.swift; sourceTree = "<group>"; };
		91E0B12D265AD8EA008E9FBB /* AppComponent.swift */ = {isa = PBXFileReference; lastKnownFileType = sourcecode.swift; path = AppComponent.swift; sourceTree = "<group>"; };
		91F19008265A662D00FE2C4D /* gha-uitests-synthetize.app */ = {isa = PBXFileReference; explicitFileType = wrapper.application; includeInIndex = 0; path = "gha-uitests-synthetize.app"; sourceTree = BUILT_PRODUCTS_DIR; };
		91F1900B265A662D00FE2C4D /* AppDelegate.swift */ = {isa = PBXFileReference; lastKnownFileType = sourcecode.swift; path = AppDelegate.swift; sourceTree = "<group>"; };
		91F1900D265A662D00FE2C4D /* ContentView.swift */ = {isa = PBXFileReference; lastKnownFileType = sourcecode.swift; path = ContentView.swift; sourceTree = "<group>"; };
		91F1900F265A662E00FE2C4D /* Assets.xcassets */ = {isa = PBXFileReference; lastKnownFileType = folder.assetcatalog; path = Assets.xcassets; sourceTree = "<group>"; };
		91F19012265A662E00FE2C4D /* Preview Assets.xcassets */ = {isa = PBXFileReference; lastKnownFileType = folder.assetcatalog; path = "Preview Assets.xcassets"; sourceTree = "<group>"; };
		91F19015265A662E00FE2C4D /* Base */ = {isa = PBXFileReference; lastKnownFileType = file.storyboard; name = Base; path = Base.lproj/Main.storyboard; sourceTree = "<group>"; };
		91F19017265A662E00FE2C4D /* Info.plist */ = {isa = PBXFileReference; lastKnownFileType = text.plist.xml; path = Info.plist; sourceTree = "<group>"; };
		91F19018265A662E00FE2C4D /* gha_uitests_synthetize.entitlements */ = {isa = PBXFileReference; lastKnownFileType = text.plist.entitlements; path = gha_uitests_synthetize.entitlements; sourceTree = "<group>"; };
		91F1901D265A662E00FE2C4D /* gha-uitests-synthetizeTests.xctest */ = {isa = PBXFileReference; explicitFileType = wrapper.cfbundle; includeInIndex = 0; path = "gha-uitests-synthetizeTests.xctest"; sourceTree = BUILT_PRODUCTS_DIR; };
		91F19021265A662E00FE2C4D /* gha_uitests_synthetizeTests.swift */ = {isa = PBXFileReference; lastKnownFileType = sourcecode.swift; path = gha_uitests_synthetizeTests.swift; sourceTree = "<group>"; };
		91F19023265A662E00FE2C4D /* Info.plist */ = {isa = PBXFileReference; lastKnownFileType = text.plist.xml; path = Info.plist; sourceTree = "<group>"; };
		91F19028265A662E00FE2C4D /* gha-uitests-synthetizeUITests.xctest */ = {isa = PBXFileReference; explicitFileType = wrapper.cfbundle; includeInIndex = 0; path = "gha-uitests-synthetizeUITests.xctest"; sourceTree = BUILT_PRODUCTS_DIR; };
		91F1902E265A662E00FE2C4D /* Info.plist */ = {isa = PBXFileReference; lastKnownFileType = text.plist.xml; path = Info.plist; sourceTree = "<group>"; };
/* End PBXFileReference section */

/* Begin PBXFrameworksBuildPhase section */
		91F19005265A662D00FE2C4D /* Frameworks */ = {
			isa = PBXFrameworksBuildPhase;
			buildActionMask = 2147483647;
			files = (
			);
			runOnlyForDeploymentPostprocessing = 0;
		};
		91F1901A265A662E00FE2C4D /* Frameworks */ = {
			isa = PBXFrameworksBuildPhase;
			buildActionMask = 2147483647;
			files = (
			);
			runOnlyForDeploymentPostprocessing = 0;
		};
		91F19025265A662E00FE2C4D /* Frameworks */ = {
			isa = PBXFrameworksBuildPhase;
			buildActionMask = 2147483647;
			files = (
			);
			runOnlyForDeploymentPostprocessing = 0;
		};
/* End PBXFrameworksBuildPhase section */

/* Begin PBXGroup section */
		91DAA225265AE158007228EC /* AXEngine */ = {
			isa = PBXGroup;
			children = (
				91DAA226265AE162007228EC /* AXEngine.swift */,
			);
			path = AXEngine;
			sourceTree = "<group>";
		};
		91DAA23C265AE307007228EC /* AccessibilityTextElement */ = {
			isa = PBXGroup;
			children = (
				91DAA23D265AE31A007228EC /* AccessibilityTextElement.swift */,
				91DAA242265AE320007228EC /* AccessibilityTextElementAdaptor.swift */,
			);
			path = AccessibilityTextElement;
			sourceTree = "<group>";
		};
		91DAA254265AE5D1007228EC /* Others */ = {
			isa = PBXGroup;
			children = (
				91DAA257265AE5F9007228EC /* NonTextElementsTests.swift */,
			);
			path = Others;
			sourceTree = "<group>";
		};
		91DAA255265AE5D6007228EC /* fromAXFocusedElement */ = {
			isa = PBXGroup;
			children = (
				91DAA266265AE631007228EC /* TextViews */,
				91DAA262265AE629007228EC /* TextFields */,
			);
			path = fromAXFocusedElement;
			sourceTree = "<group>";
		};
		91DAA256265AE5E1007228EC /* toAXFocusedElement */ = {
			isa = PBXGroup;
			children = (
			);
			path = toAXFocusedElement;
			sourceTree = "<group>";
		};
		91DAA262265AE629007228EC /* TextFields */ = {
			isa = PBXGroup;
			children = (
				91DAA22E265AE1B2007228EC /* from_TF_AXTextTests.swift */,
			);
			path = TextFields;
			sourceTree = "<group>";
		};
		91DAA266265AE631007228EC /* TextViews */ = {
			isa = PBXGroup;
			children = (
				91DAA24F265AE443007228EC /* from_TV_AXCaretLocationTests.swift.swift */,
			);
			path = TextViews;
			sourceTree = "<group>";
		};
		91DAA267265AE66D007228EC /* AccessibilityTextElementAdaptor */ = {
			isa = PBXGroup;
			children = (
				91DAA233265AE1D0007228EC /* ATEA_BaseTests.swift */,
				91DAA254265AE5D1007228EC /* Others */,
				91DAA255265AE5D6007228EC /* fromAXFocusedElement */,
				91DAA256265AE5E1007228EC /* toAXFocusedElement */,
			);
			path = AccessibilityTextElementAdaptor;
			sourceTree = "<group>";
		};
		91F18FFF265A662D00FE2C4D = {
			isa = PBXGroup;
			children = (
				91F1900A265A662D00FE2C4D /* gha-uitests-synthetize */,
				91F19020265A662E00FE2C4D /* gha-uitests-synthetizeTests */,
				91F1902B265A662E00FE2C4D /* gha-uitests-synthetizeUITests */,
				91F19009265A662D00FE2C4D /* Products */,
			);
			sourceTree = "<group>";
		};
		91F19009265A662D00FE2C4D /* Products */ = {
			isa = PBXGroup;
			children = (
				91F19008265A662D00FE2C4D /* gha-uitests-synthetize.app */,
				91F1901D265A662E00FE2C4D /* gha-uitests-synthetizeTests.xctest */,
				91F19028265A662E00FE2C4D /* gha-uitests-synthetizeUITests.xctest */,
			);
			name = Products;
			sourceTree = "<group>";
		};
		91F1900A265A662D00FE2C4D /* gha-uitests-synthetize */ = {
			isa = PBXGroup;
			children = (
				91DAA23C265AE307007228EC /* AccessibilityTextElement */,
				91DAA225265AE158007228EC /* AXEngine */,
				91F1900B265A662D00FE2C4D /* AppDelegate.swift */,
				91E0B12D265AD8EA008E9FBB /* AppComponent.swift */,
				91F1900D265A662D00FE2C4D /* ContentView.swift */,
				91F1900F265A662E00FE2C4D /* Assets.xcassets */,
				91F19014265A662E00FE2C4D /* Main.storyboard */,
				91F19017265A662E00FE2C4D /* Info.plist */,
				91F19018265A662E00FE2C4D /* gha_uitests_synthetize.entitlements */,
				91F19011265A662E00FE2C4D /* Preview Content */,
			);
			path = "gha-uitests-synthetize";
			sourceTree = "<group>";
		};
		91F19011265A662E00FE2C4D /* Preview Content */ = {
			isa = PBXGroup;
			children = (
				91F19012265A662E00FE2C4D /* Preview Assets.xcassets */,
			);
			path = "Preview Content";
			sourceTree = "<group>";
		};
		91F19020265A662E00FE2C4D /* gha-uitests-synthetizeTests */ = {
			isa = PBXGroup;
			children = (
				91F19021265A662E00FE2C4D /* gha_uitests_synthetizeTests.swift */,
				91F19023265A662E00FE2C4D /* Info.plist */,
			);
			path = "gha-uitests-synthetizeTests";
			sourceTree = "<group>";
		};
		91F1902B265A662E00FE2C4D /* gha-uitests-synthetizeUITests */ = {
			isa = PBXGroup;
			children = (
				91DAA267265AE66D007228EC /* AccessibilityTextElementAdaptor */,
				91F1902E265A662E00FE2C4D /* Info.plist */,
			);
			path = "gha-uitests-synthetizeUITests";
			sourceTree = "<group>";
		};
/* End PBXGroup section */

/* Begin PBXNativeTarget section */
		91F19007265A662D00FE2C4D /* gha-uitests-synthetize */ = {
			isa = PBXNativeTarget;
			buildConfigurationList = 91F19031265A662E00FE2C4D /* Build configuration list for PBXNativeTarget "gha-uitests-synthetize" */;
			buildPhases = (
				91F19004265A662D00FE2C4D /* Sources */,
				91F19005265A662D00FE2C4D /* Frameworks */,
				91F19006265A662D00FE2C4D /* Resources */,
			);
			buildRules = (
			);
			dependencies = (
			);
			name = "gha-uitests-synthetize";
			productName = "gha-uitests-synthetize";
			productReference = 91F19008265A662D00FE2C4D /* gha-uitests-synthetize.app */;
			productType = "com.apple.product-type.application";
		};
		91F1901C265A662E00FE2C4D /* gha-uitests-synthetizeTests */ = {
			isa = PBXNativeTarget;
			buildConfigurationList = 91F19034265A662E00FE2C4D /* Build configuration list for PBXNativeTarget "gha-uitests-synthetizeTests" */;
			buildPhases = (
				91F19019265A662E00FE2C4D /* Sources */,
				91F1901A265A662E00FE2C4D /* Frameworks */,
				91F1901B265A662E00FE2C4D /* Resources */,
			);
			buildRules = (
			);
			dependencies = (
				91F1901F265A662E00FE2C4D /* PBXTargetDependency */,
			);
			name = "gha-uitests-synthetizeTests";
			productName = "gha-uitests-synthetizeTests";
			productReference = 91F1901D265A662E00FE2C4D /* gha-uitests-synthetizeTests.xctest */;
			productType = "com.apple.product-type.bundle.unit-test";
		};
		91F19027265A662E00FE2C4D /* gha-uitests-synthetizeUITests */ = {
			isa = PBXNativeTarget;
			buildConfigurationList = 91F19037265A662E00FE2C4D /* Build configuration list for PBXNativeTarget "gha-uitests-synthetizeUITests" */;
			buildPhases = (
				91F19024265A662E00FE2C4D /* Sources */,
				91F19025265A662E00FE2C4D /* Frameworks */,
				91F19026265A662E00FE2C4D /* Resources */,
			);
			buildRules = (
			);
			dependencies = (
				91F1902A265A662E00FE2C4D /* PBXTargetDependency */,
			);
			name = "gha-uitests-synthetizeUITests";
			productName = "gha-uitests-synthetizeUITests";
			productReference = 91F19028265A662E00FE2C4D /* gha-uitests-synthetizeUITests.xctest */;
			productType = "com.apple.product-type.bundle.ui-testing";
		};
/* End PBXNativeTarget section */

/* Begin PBXProject section */
		91F19000265A662D00FE2C4D /* Project object */ = {
			isa = PBXProject;
			attributes = {
				LastSwiftUpdateCheck = 1250;
				LastUpgradeCheck = 1250;
				TargetAttributes = {
					91F19007265A662D00FE2C4D = {
						CreatedOnToolsVersion = 12.5;
					};
					91F1901C265A662E00FE2C4D = {
						CreatedOnToolsVersion = 12.5;
						TestTargetID = 91F19007265A662D00FE2C4D;
					};
					91F19027265A662E00FE2C4D = {
						CreatedOnToolsVersion = 12.5;
						TestTargetID = 91F19007265A662D00FE2C4D;
					};
				};
			};
			buildConfigurationList = 91F19003265A662D00FE2C4D /* Build configuration list for PBXProject "gha-uitests-synthetize" */;
			compatibilityVersion = "Xcode 9.3";
			developmentRegion = en;
			hasScannedForEncodings = 0;
			knownRegions = (
				en,
				Base,
			);
			mainGroup = 91F18FFF265A662D00FE2C4D;
			productRefGroup = 91F19009265A662D00FE2C4D /* Products */;
			projectDirPath = "";
			projectRoot = "";
			targets = (
				91F19007265A662D00FE2C4D /* gha-uitests-synthetize */,
				91F1901C265A662E00FE2C4D /* gha-uitests-synthetizeTests */,
				91F19027265A662E00FE2C4D /* gha-uitests-synthetizeUITests */,
			);
		};
/* End PBXProject section */

/* Begin PBXResourcesBuildPhase section */
		91F19006265A662D00FE2C4D /* Resources */ = {
			isa = PBXResourcesBuildPhase;
			buildActionMask = 2147483647;
			files = (
				91F19016265A662E00FE2C4D /* Main.storyboard in Resources */,
				91F19013265A662E00FE2C4D /* Preview Assets.xcassets in Resources */,
				91F19010265A662E00FE2C4D /* Assets.xcassets in Resources */,
			);
			runOnlyForDeploymentPostprocessing = 0;
		};
		91F1901B265A662E00FE2C4D /* Resources */ = {
			isa = PBXResourcesBuildPhase;
			buildActionMask = 2147483647;
			files = (
			);
			runOnlyForDeploymentPostprocessing = 0;
		};
		91F19026265A662E00FE2C4D /* Resources */ = {
			isa = PBXResourcesBuildPhase;
			buildActionMask = 2147483647;
			files = (
			);
			runOnlyForDeploymentPostprocessing = 0;
		};
/* End PBXResourcesBuildPhase section */

/* Begin PBXSourcesBuildPhase section */
		91F19004265A662D00FE2C4D /* Sources */ = {
			isa = PBXSourcesBuildPhase;
			buildActionMask = 2147483647;
			files = (
				91DAA243265AE320007228EC /* AccessibilityTextElementAdaptor.swift in Sources */,
				91DAA227265AE162007228EC /* AXEngine.swift in Sources */,
				91F1900E265A662D00FE2C4D /* ContentView.swift in Sources */,
				91E0B12E265AD8EA008E9FBB /* AppComponent.swift in Sources */,
				91F1900C265A662D00FE2C4D /* AppDelegate.swift in Sources */,
				91DAA23E265AE31A007228EC /* AccessibilityTextElement.swift in Sources */,
			);
			runOnlyForDeploymentPostprocessing = 0;
		};
		91F19019265A662E00FE2C4D /* Sources */ = {
			isa = PBXSourcesBuildPhase;
			buildActionMask = 2147483647;
			files = (
				91F19022265A662E00FE2C4D /* gha_uitests_synthetizeTests.swift in Sources */,
			);
			runOnlyForDeploymentPostprocessing = 0;
		};
		91F19024265A662E00FE2C4D /* Sources */ = {
			isa = PBXSourcesBuildPhase;
			buildActionMask = 2147483647;
			files = (
				91DAA247265AE380007228EC /* AccessibilityTextElement.swift in Sources */,
				91DAA258265AE5F9007228EC /* NonTextElementsTests.swift in Sources */,
				91DAA24B265AE382007228EC /* AccessibilityTextElementAdaptor.swift in Sources */,
				91DAA22F265AE1B2007228EC /* from_TF_AXTextTests.swift in Sources */,
				91DAA238265AE1FA007228EC /* AXEngine.swift in Sources */,
				91DAA250265AE443007228EC /* from_TV_AXCaretLocationTests.swift.swift in Sources */,
				91DAA234265AE1D0007228EC /* ATEA_BaseTests.swift in Sources */,
			);
			runOnlyForDeploymentPostprocessing = 0;
		};
/* End PBXSourcesBuildPhase section */

/* Begin PBXTargetDependency section */
		91F1901F265A662E00FE2C4D /* PBXTargetDependency */ = {
			isa = PBXTargetDependency;
			target = 91F19007265A662D00FE2C4D /* gha-uitests-synthetize */;
			targetProxy = 91F1901E265A662E00FE2C4D /* PBXContainerItemProxy */;
		};
		91F1902A265A662E00FE2C4D /* PBXTargetDependency */ = {
			isa = PBXTargetDependency;
			target = 91F19007265A662D00FE2C4D /* gha-uitests-synthetize */;
			targetProxy = 91F19029265A662E00FE2C4D /* PBXContainerItemProxy */;
		};
/* End PBXTargetDependency section */

/* Begin PBXVariantGroup section */
		91F19014265A662E00FE2C4D /* Main.storyboard */ = {
			isa = PBXVariantGroup;
			children = (
				91F19015265A662E00FE2C4D /* Base */,
			);
			name = Main.storyboard;
			sourceTree = "<group>";
		};
/* End PBXVariantGroup section */

/* Begin XCBuildConfiguration section */
		91F1902F265A662E00FE2C4D /* Debug */ = {
			isa = XCBuildConfiguration;
			buildSettings = {
				ALWAYS_SEARCH_USER_PATHS = NO;
				CLANG_ANALYZER_NONNULL = YES;
				CLANG_ANALYZER_NUMBER_OBJECT_CONVERSION = YES_AGGRESSIVE;
				CLANG_CXX_LANGUAGE_STANDARD = "gnu++14";
				CLANG_CXX_LIBRARY = "libc++";
				CLANG_ENABLE_MODULES = YES;
				CLANG_ENABLE_OBJC_ARC = YES;
				CLANG_ENABLE_OBJC_WEAK = YES;
				CLANG_WARN_BLOCK_CAPTURE_AUTORELEASING = YES;
				CLANG_WARN_BOOL_CONVERSION = YES;
				CLANG_WARN_COMMA = YES;
				CLANG_WARN_CONSTANT_CONVERSION = YES;
				CLANG_WARN_DEPRECATED_OBJC_IMPLEMENTATIONS = YES;
				CLANG_WARN_DIRECT_OBJC_ISA_USAGE = YES_ERROR;
				CLANG_WARN_DOCUMENTATION_COMMENTS = YES;
				CLANG_WARN_EMPTY_BODY = YES;
				CLANG_WARN_ENUM_CONVERSION = YES;
				CLANG_WARN_INFINITE_RECURSION = YES;
				CLANG_WARN_INT_CONVERSION = YES;
				CLANG_WARN_NON_LITERAL_NULL_CONVERSION = YES;
				CLANG_WARN_OBJC_IMPLICIT_RETAIN_SELF = YES;
				CLANG_WARN_OBJC_LITERAL_CONVERSION = YES;
				CLANG_WARN_OBJC_ROOT_CLASS = YES_ERROR;
				CLANG_WARN_QUOTED_INCLUDE_IN_FRAMEWORK_HEADER = YES;
				CLANG_WARN_RANGE_LOOP_ANALYSIS = YES;
				CLANG_WARN_STRICT_PROTOTYPES = YES;
				CLANG_WARN_SUSPICIOUS_MOVE = YES;
				CLANG_WARN_UNGUARDED_AVAILABILITY = YES_AGGRESSIVE;
				CLANG_WARN_UNREACHABLE_CODE = YES;
				CLANG_WARN__DUPLICATE_METHOD_MATCH = YES;
				COPY_PHASE_STRIP = NO;
				DEBUG_INFORMATION_FORMAT = dwarf;
				ENABLE_STRICT_OBJC_MSGSEND = YES;
				ENABLE_TESTABILITY = YES;
				GCC_C_LANGUAGE_STANDARD = gnu11;
				GCC_DYNAMIC_NO_PIC = NO;
				GCC_NO_COMMON_BLOCKS = YES;
				GCC_OPTIMIZATION_LEVEL = 0;
				GCC_PREPROCESSOR_DEFINITIONS = (
					"DEBUG=1",
					"$(inherited)",
				);
				GCC_WARN_64_TO_32_BIT_CONVERSION = YES;
				GCC_WARN_ABOUT_RETURN_TYPE = YES_ERROR;
				GCC_WARN_UNDECLARED_SELECTOR = YES;
				GCC_WARN_UNINITIALIZED_AUTOS = YES_AGGRESSIVE;
				GCC_WARN_UNUSED_FUNCTION = YES;
				GCC_WARN_UNUSED_VARIABLE = YES;
				MACOSX_DEPLOYMENT_TARGET = 10.15;
				MTL_ENABLE_DEBUG_INFO = INCLUDE_SOURCE;
				MTL_FAST_MATH = YES;
				ONLY_ACTIVE_ARCH = YES;
				SDKROOT = macosx;
				SWIFT_ACTIVE_COMPILATION_CONDITIONS = DEBUG;
				SWIFT_OPTIMIZATION_LEVEL = "-Onone";
			};
			name = Debug;
		};
		91F19030265A662E00FE2C4D /* Release */ = {
			isa = XCBuildConfiguration;
			buildSettings = {
				ALWAYS_SEARCH_USER_PATHS = NO;
				CLANG_ANALYZER_NONNULL = YES;
				CLANG_ANALYZER_NUMBER_OBJECT_CONVERSION = YES_AGGRESSIVE;
				CLANG_CXX_LANGUAGE_STANDARD = "gnu++14";
				CLANG_CXX_LIBRARY = "libc++";
				CLANG_ENABLE_MODULES = YES;
				CLANG_ENABLE_OBJC_ARC = YES;
				CLANG_ENABLE_OBJC_WEAK = YES;
				CLANG_WARN_BLOCK_CAPTURE_AUTORELEASING = YES;
				CLANG_WARN_BOOL_CONVERSION = YES;
				CLANG_WARN_COMMA = YES;
				CLANG_WARN_CONSTANT_CONVERSION = YES;
				CLANG_WARN_DEPRECATED_OBJC_IMPLEMENTATIONS = YES;
				CLANG_WARN_DIRECT_OBJC_ISA_USAGE = YES_ERROR;
				CLANG_WARN_DOCUMENTATION_COMMENTS = YES;
				CLANG_WARN_EMPTY_BODY = YES;
				CLANG_WARN_ENUM_CONVERSION = YES;
				CLANG_WARN_INFINITE_RECURSION = YES;
				CLANG_WARN_INT_CONVERSION = YES;
				CLANG_WARN_NON_LITERAL_NULL_CONVERSION = YES;
				CLANG_WARN_OBJC_IMPLICIT_RETAIN_SELF = YES;
				CLANG_WARN_OBJC_LITERAL_CONVERSION = YES;
				CLANG_WARN_OBJC_ROOT_CLASS = YES_ERROR;
				CLANG_WARN_QUOTED_INCLUDE_IN_FRAMEWORK_HEADER = YES;
				CLANG_WARN_RANGE_LOOP_ANALYSIS = YES;
				CLANG_WARN_STRICT_PROTOTYPES = YES;
				CLANG_WARN_SUSPICIOUS_MOVE = YES;
				CLANG_WARN_UNGUARDED_AVAILABILITY = YES_AGGRESSIVE;
				CLANG_WARN_UNREACHABLE_CODE = YES;
				CLANG_WARN__DUPLICATE_METHOD_MATCH = YES;
				COPY_PHASE_STRIP = NO;
				DEBUG_INFORMATION_FORMAT = "dwarf-with-dsym";
				ENABLE_NS_ASSERTIONS = NO;
				ENABLE_STRICT_OBJC_MSGSEND = YES;
				GCC_C_LANGUAGE_STANDARD = gnu11;
				GCC_NO_COMMON_BLOCKS = YES;
				GCC_WARN_64_TO_32_BIT_CONVERSION = YES;
				GCC_WARN_ABOUT_RETURN_TYPE = YES_ERROR;
				GCC_WARN_UNDECLARED_SELECTOR = YES;
				GCC_WARN_UNINITIALIZED_AUTOS = YES_AGGRESSIVE;
				GCC_WARN_UNUSED_FUNCTION = YES;
				GCC_WARN_UNUSED_VARIABLE = YES;
				MACOSX_DEPLOYMENT_TARGET = 10.15;
				MTL_ENABLE_DEBUG_INFO = NO;
				MTL_FAST_MATH = YES;
				SDKROOT = macosx;
				SWIFT_COMPILATION_MODE = wholemodule;
				SWIFT_OPTIMIZATION_LEVEL = "-O";
			};
			name = Release;
		};
		91F19032265A662E00FE2C4D /* Debug */ = {
			isa = XCBuildConfiguration;
			buildSettings = {
				ASSETCATALOG_COMPILER_APPICON_NAME = AppIcon;
				ASSETCATALOG_COMPILER_GLOBAL_ACCENT_COLOR_NAME = AccentColor;
				CODE_SIGN_ENTITLEMENTS = "gha-uitests-synthetize/gha_uitests_synthetize.entitlements";
				CODE_SIGN_IDENTITY = "Developer ID Application";
				CODE_SIGN_STYLE = Manual;
				COMBINE_HIDPI_IMAGES = YES;
				DEVELOPMENT_ASSET_PATHS = "\"gha-uitests-synthetize/Preview Content\"";
				DEVELOPMENT_TEAM = ZX49WKA8QN;
				ENABLE_HARDENED_RUNTIME = YES;
				ENABLE_PREVIEWS = YES;
				INFOPLIST_FILE = "gha-uitests-synthetize/Info.plist";
				LD_RUNPATH_SEARCH_PATHS = (
					"$(inherited)",
					"@executable_path/../Frameworks",
				);
				MACOSX_DEPLOYMENT_TARGET = 10.15;
				PRODUCT_BUNDLE_IDENTIFIER = "mo.com.sleeplessmind.gha-uitests-synthetize";
				PRODUCT_NAME = "$(TARGET_NAME)";
				PROVISIONING_PROFILE_SPECIFIER = "";
				SWIFT_VERSION = 5.0;
			};
			name = Debug;
		};
		91F19033265A662E00FE2C4D /* Release */ = {
			isa = XCBuildConfiguration;
			buildSettings = {
				ASSETCATALOG_COMPILER_APPICON_NAME = AppIcon;
				ASSETCATALOG_COMPILER_GLOBAL_ACCENT_COLOR_NAME = AccentColor;
				CODE_SIGN_ENTITLEMENTS = "gha-uitests-synthetize/gha_uitests_synthetize.entitlements";
				CODE_SIGN_IDENTITY = "Developer ID Application";
				CODE_SIGN_STYLE = Manual;
				COMBINE_HIDPI_IMAGES = YES;
				DEVELOPMENT_ASSET_PATHS = "\"gha-uitests-synthetize/Preview Content\"";
				DEVELOPMENT_TEAM = ZX49WKA8QN;
				ENABLE_HARDENED_RUNTIME = YES;
				ENABLE_PREVIEWS = YES;
				INFOPLIST_FILE = "gha-uitests-synthetize/Info.plist";
				LD_RUNPATH_SEARCH_PATHS = (
					"$(inherited)",
					"@executable_path/../Frameworks",
				);
				MACOSX_DEPLOYMENT_TARGET = 10.15;
				PRODUCT_BUNDLE_IDENTIFIER = "mo.com.sleeplessmind.gha-uitests-synthetize";
				PRODUCT_NAME = "$(TARGET_NAME)";
				PROVISIONING_PROFILE_SPECIFIER = "";
				SWIFT_VERSION = 5.0;
			};
			name = Release;
		};
		91F19035265A662E00FE2C4D /* Debug */ = {
			isa = XCBuildConfiguration;
			buildSettings = {
				ALWAYS_EMBED_SWIFT_STANDARD_LIBRARIES = YES;
				BUNDLE_LOADER = "$(TEST_HOST)";
				CODE_SIGN_IDENTITY = "Developer ID Application";
				CODE_SIGN_STYLE = Manual;
				COMBINE_HIDPI_IMAGES = YES;
				DEVELOPMENT_TEAM = ZX49WKA8QN;
				INFOPLIST_FILE = "gha-uitests-synthetizeTests/Info.plist";
				LD_RUNPATH_SEARCH_PATHS = (
					"$(inherited)",
					"@executable_path/../Frameworks",
					"@loader_path/../Frameworks",
				);
				MACOSX_DEPLOYMENT_TARGET = 10.15;
				PRODUCT_BUNDLE_IDENTIFIER = "mo.com.sleeplessmind.gha-uitests-synthetizeTests";
				PRODUCT_NAME = "$(TARGET_NAME)";
				PROVISIONING_PROFILE_SPECIFIER = "";
				SWIFT_VERSION = 5.0;
				TEST_HOST = "$(BUILT_PRODUCTS_DIR)/gha-uitests-synthetize.app/Contents/MacOS/gha-uitests-synthetize";
			};
			name = Debug;
		};
		91F19036265A662E00FE2C4D /* Release */ = {
			isa = XCBuildConfiguration;
			buildSettings = {
				ALWAYS_EMBED_SWIFT_STANDARD_LIBRARIES = YES;
				BUNDLE_LOADER = "$(TEST_HOST)";
				CODE_SIGN_IDENTITY = "Developer ID Application";
				CODE_SIGN_STYLE = Manual;
				COMBINE_HIDPI_IMAGES = YES;
				DEVELOPMENT_TEAM = ZX49WKA8QN;
				INFOPLIST_FILE = "gha-uitests-synthetizeTests/Info.plist";
				LD_RUNPATH_SEARCH_PATHS = (
					"$(inherited)",
					"@executable_path/../Frameworks",
					"@loader_path/../Frameworks",
				);
				MACOSX_DEPLOYMENT_TARGET = 10.15;
				PRODUCT_BUNDLE_IDENTIFIER = "mo.com.sleeplessmind.gha-uitests-synthetizeTests";
				PRODUCT_NAME = "$(TARGET_NAME)";
				PROVISIONING_PROFILE_SPECIFIER = "";
				SWIFT_VERSION = 5.0;
				TEST_HOST = "$(BUILT_PRODUCTS_DIR)/gha-uitests-synthetize.app/Contents/MacOS/gha-uitests-synthetize";
			};
			name = Release;
		};
		91F19038265A662E00FE2C4D /* Debug */ = {
			isa = XCBuildConfiguration;
			buildSettings = {
				ALWAYS_EMBED_SWIFT_STANDARD_LIBRARIES = YES;
				CODE_SIGN_IDENTITY = "Developer ID Application";
				CODE_SIGN_STYLE = Manual;
				COMBINE_HIDPI_IMAGES = YES;
				DEVELOPMENT_TEAM = ZX49WKA8QN;
				INFOPLIST_FILE = "gha-uitests-synthetizeUITests/Info.plist";
				LD_RUNPATH_SEARCH_PATHS = (
					"$(inherited)",
					"@executable_path/../Frameworks",
					"@loader_path/../Frameworks",
				);
				PRODUCT_BUNDLE_IDENTIFIER = "mo.com.sleeplessmind.gha-uitests-synthetizeUITests";
				PRODUCT_NAME = "$(TARGET_NAME)";
				PROVISIONING_PROFILE_SPECIFIER = "";
				SWIFT_VERSION = 5.0;
				TEST_TARGET_NAME = "gha-uitests-synthetize";
			};
			name = Debug;
		};
		91F19039265A662E00FE2C4D /* Release */ = {
			isa = XCBuildConfiguration;
			buildSettings = {
				ALWAYS_EMBED_SWIFT_STANDARD_LIBRARIES = YES;
				CODE_SIGN_IDENTITY = "Developer ID Application";
				CODE_SIGN_STYLE = Manual;
				COMBINE_HIDPI_IMAGES = YES;
				DEVELOPMENT_TEAM = ZX49WKA8QN;
				INFOPLIST_FILE = "gha-uitests-synthetizeUITests/Info.plist";
				LD_RUNPATH_SEARCH_PATHS = (
					"$(inherited)",
					"@executable_path/../Frameworks",
					"@loader_path/../Frameworks",
				);
				PRODUCT_BUNDLE_IDENTIFIER = "mo.com.sleeplessmind.gha-uitests-synthetizeUITests";
				PRODUCT_NAME = "$(TARGET_NAME)";
				PROVISIONING_PROFILE_SPECIFIER = "";
				SWIFT_VERSION = 5.0;
				TEST_TARGET_NAME = "gha-uitests-synthetize";
			};
			name = Release;
		};
/* End XCBuildConfiguration section */

/* Begin XCConfigurationList section */
		91F19003265A662D00FE2C4D /* Build configuration list for PBXProject "gha-uitests-synthetize" */ = {
			isa = XCConfigurationList;
			buildConfigurations = (
				91F1902F265A662E00FE2C4D /* Debug */,
				91F19030265A662E00FE2C4D /* Release */,
			);
			defaultConfigurationIsVisible = 0;
			defaultConfigurationName = Release;
		};
		91F19031265A662E00FE2C4D /* Build configuration list for PBXNativeTarget "gha-uitests-synthetize" */ = {
			isa = XCConfigurationList;
			buildConfigurations = (
				91F19032265A662E00FE2C4D /* Debug */,
				91F19033265A662E00FE2C4D /* Release */,
			);
			defaultConfigurationIsVisible = 0;
			defaultConfigurationName = Release;
		};
		91F19034265A662E00FE2C4D /* Build configuration list for PBXNativeTarget "gha-uitests-synthetizeTests" */ = {
			isa = XCConfigurationList;
			buildConfigurations = (
				91F19035265A662E00FE2C4D /* Debug */,
				91F19036265A662E00FE2C4D /* Release */,
			);
			defaultConfigurationIsVisible = 0;
			defaultConfigurationName = Release;
		};
		91F19037265A662E00FE2C4D /* Build configuration list for PBXNativeTarget "gha-uitests-synthetizeUITests" */ = {
			isa = XCConfigurationList;
			buildConfigurations = (
				91F19038265A662E00FE2C4D /* Debug */,
				91F19039265A662E00FE2C4D /* Release */,
			);
			defaultConfigurationIsVisible = 0;
			defaultConfigurationName = Release;
		};
/* End XCConfigurationList section */
	};
	rootObject = 91F19000265A662D00FE2C4D /* Project object */;
}
